
Microsoft Visual Studio Solution File, Format Version 12.00
# Visual Studio Version 17
VisualStudioVersion = 17.14.36310.24 d17.14
MinimumVisualStudioVersion = 10.0.40219.1
Project("{FAE04EC0-301F-11D3-BF4B-00C04F79EFBC}") = "MockExams", "MockExams\MockExams.csproj", "{78AA4008-3655-4A75-B8D3-CF0CF64D3E8E}"
EndProject
Global
	GlobalSection(SolutionConfigurationPlatforms) = preSolution
		Debug|Any CPU = Debug|Any CPU
		Release|Any CPU = Release|Any CPU
	EndGlobalSection
	GlobalSection(ProjectConfigurationPlatforms) = postSolution
		{78AA4008-3655-4A75-B8D3-CF0CF64D3E8E}.Debug|Any CPU.ActiveCfg = Debug|Any CPU
		{78AA4008-3655-4A75-B8D3-CF0CF64D3E8E}.Debug|Any CPU.Build.0 = Debug|Any CPU
		{78AA4008-3655-4A75-B8D3-CF0CF64D3E8E}.Release|Any CPU.ActiveCfg = Release|Any CPU
		{78AA4008-3655-4A75-B8D3-CF0CF64D3E8E}.Release|Any CPU.Build.0 = Release|Any CPU
	EndGlobalSection
	GlobalSection(SolutionProperties) = preSolution
		HideSolutionNode = FALSE
	EndGlobalSection
	GlobalSection(ExtensibilityGlobals) = postSolution
		SolutionGuid = {133C6803-AAD0-4CDE-AF27-3C00D48EBD62}
	EndGlobalSection
EndGlobal
